// !$*UTF8*$!
{
	archiveVersion = 1;
	classes = {
	};
	objectVersion = 50;
	objects = {

/* Begin PBXBuildFile section */
		46CA7FAF215AB42D0048EA4D /* AppDelegate.swift in Sources */ = {isa = PBXBuildFile; fileRef = 46CA7FAE215AB42D0048EA4D /* AppDelegate.swift */; };
		46CA7FB1215AB42D0048EA4D /* GameScene.sks in Resources */ = {isa = PBXBuildFile; fileRef = 46CA7FB0215AB42D0048EA4D /* GameScene.sks */; };
		46CA7FB3215AB42D0048EA4D /* Actions.sks in Resources */ = {isa = PBXBuildFile; fileRef = 46CA7FB2215AB42D0048EA4D /* Actions.sks */; };
		46CA7FB5215AB42D0048EA4D /* GameScene.swift in Sources */ = {isa = PBXBuildFile; fileRef = 46CA7FB4215AB42D0048EA4D /* GameScene.swift */; };
		46CA7FB7215AB42D0048EA4D /* GameViewController.swift in Sources */ = {isa = PBXBuildFile; fileRef = 46CA7FB6215AB42D0048EA4D /* GameViewController.swift */; };
		46CA7FBA215AB42D0048EA4D /* Main.storyboard in Resources */ = {isa = PBXBuildFile; fileRef = 46CA7FB8215AB42D0048EA4D /* Main.storyboard */; };
		46CA7FBC215AB4310048EA4D /* Assets.xcassets in Resources */ = {isa = PBXBuildFile; fileRef = 46CA7FBB215AB4310048EA4D /* Assets.xcassets */; };
		46CA7FCD215AB5D50048EA4D /* CharacterMenu.swift in Sources */ = {isa = PBXBuildFile; fileRef = 46CA7FCC215AB5D50048EA4D /* CharacterMenu.swift */; };
		46CA7FCF215AD7580048EA4D /* CharacterControls.swift in Sources */ = {isa = PBXBuildFile; fileRef = 46CA7FCE215AD7580048EA4D /* CharacterControls.swift */; };
		A3336632215BE3BB0003D879 /* MenuControls.swift in Sources */ = {isa = PBXBuildFile; fileRef = A3336631215BE3BB0003D879 /* MenuControls.swift */; };
		A3336636215BE3F00003D879 /* MenuScene.swift in Sources */ = {isa = PBXBuildFile; fileRef = A3336635215BE3F00003D879 /* MenuScene.swift */; };
		A333663C215BF32F0003D879 /* LaunchScreen.storyboard in Resources */ = {isa = PBXBuildFile; fileRef = A333663A215BF32F0003D879 /* LaunchScreen.storyboard */; };
/* End PBXBuildFile section */

/* Begin PBXFileReference section */
		46CA7FAB215AB42D0048EA4D /* Fobitopia.app */ = {isa = PBXFileReference; explicitFileType = wrapper.application; includeInIndex = 0; path = Fobitopia.app; sourceTree = BUILT_PRODUCTS_DIR; };
		46CA7FAE215AB42D0048EA4D /* AppDelegate.swift */ = {isa = PBXFileReference; lastKnownFileType = sourcecode.swift; path = AppDelegate.swift; sourceTree = "<group>"; };
		46CA7FB0215AB42D0048EA4D /* GameScene.sks */ = {isa = PBXFileReference; lastKnownFileType = file.sks; path = GameScene.sks; sourceTree = "<group>"; };
		46CA7FB2215AB42D0048EA4D /* Actions.sks */ = {isa = PBXFileReference; lastKnownFileType = file.sks; path = Actions.sks; sourceTree = "<group>"; };
		46CA7FB4215AB42D0048EA4D /* GameScene.swift */ = {isa = PBXFileReference; lastKnownFileType = sourcecode.swift; path = GameScene.swift; sourceTree = "<group>"; };
		46CA7FB6215AB42D0048EA4D /* GameViewController.swift */ = {isa = PBXFileReference; lastKnownFileType = sourcecode.swift; path = GameViewController.swift; sourceTree = "<group>"; };
		46CA7FB9215AB42D0048EA4D /* Base */ = {isa = PBXFileReference; lastKnownFileType = file.storyboard; name = Base; path = Base.lproj/Main.storyboard; sourceTree = "<group>"; };
		46CA7FBB215AB4310048EA4D /* Assets.xcassets */ = {isa = PBXFileReference; lastKnownFileType = folder.assetcatalog; path = Assets.xcassets; sourceTree = "<group>"; };
		46CA7FC0215AB4310048EA4D /* Info.plist */ = {isa = PBXFileReference; lastKnownFileType = text.plist.xml; path = Info.plist; sourceTree = "<group>"; };
		46CA7FCC215AB5D50048EA4D /* CharacterMenu.swift */ = {isa = PBXFileReference; lastKnownFileType = sourcecode.swift; path = CharacterMenu.swift; sourceTree = "<group>"; };
		46CA7FCE215AD7580048EA4D /* CharacterControls.swift */ = {isa = PBXFileReference; lastKnownFileType = sourcecode.swift; path = CharacterControls.swift; sourceTree = "<group>"; };
		A3336631215BE3BB0003D879 /* MenuControls.swift */ = {isa = PBXFileReference; lastKnownFileType = sourcecode.swift; path = MenuControls.swift; sourceTree = "<group>"; };
		A3336635215BE3F00003D879 /* MenuScene.swift */ = {isa = PBXFileReference; lastKnownFileType = sourcecode.swift; path = MenuScene.swift; sourceTree = "<group>"; };
		A333663B215BF32F0003D879 /* Base */ = {isa = PBXFileReference; lastKnownFileType = file.storyboard; name = Base; path = Base.lproj/LaunchScreen.storyboard; sourceTree = "<group>"; };
/* End PBXFileReference section */

/* Begin PBXFrameworksBuildPhase section */
		46CA7FA8215AB42D0048EA4D /* Frameworks */ = {
			isa = PBXFrameworksBuildPhase;
			buildActionMask = 2147483647;
			files = (
			);
			runOnlyForDeploymentPostprocessing = 0;
		};
/* End PBXFrameworksBuildPhase section */

/* Begin PBXGroup section */
		46CA7FA2215AB42D0048EA4D = {
			isa = PBXGroup;
			children = (
				46CA7FAD215AB42D0048EA4D /* Fobitopia */,
				46CA7FAC215AB42D0048EA4D /* Products */,
			);
			sourceTree = "<group>";
		};
		46CA7FAC215AB42D0048EA4D /* Products */ = {
			isa = PBXGroup;
			children = (
				46CA7FAB215AB42D0048EA4D /* Fobitopia.app */,
			);
			name = Products;
			sourceTree = "<group>";
		};
		46CA7FAD215AB42D0048EA4D /* Fobitopia */ = {
			isa = PBXGroup;
			children = (
				46CA7FCB215AB5BE0048EA4D /* Menus */,
				46CA7FAE215AB42D0048EA4D /* AppDelegate.swift */,
				46CA7FB0215AB42D0048EA4D /* GameScene.sks */,
				46CA7FB2215AB42D0048EA4D /* Actions.sks */,
				46CA7FB4215AB42D0048EA4D /* GameScene.swift */,
				46CA7FB6215AB42D0048EA4D /* GameViewController.swift */,
				46CA7FB8215AB42D0048EA4D /* Main.storyboard */,
				46CA7FBB215AB4310048EA4D /* Assets.xcassets */,
				A333663A215BF32F0003D879 /* LaunchScreen.storyboard */,
				46CA7FC0215AB4310048EA4D /* Info.plist */,
			);
			path = Fobitopia;
			sourceTree = "<group>";
		};
		46CA7FCB215AB5BE0048EA4D /* Menus */ = {
			isa = PBXGroup;
			children = (
				A3336639215BEE1D0003D879 /* Main Menu */,
				A3336637215BEDF20003D879 /* Character */,
			);
			name = Menus;
			path = "New Group";
			sourceTree = "<group>";
		};
		A3336637215BEDF20003D879 /* Character */ = {
			isa = PBXGroup;
			children = (
				46CA7FCE215AD7580048EA4D /* CharacterControls.swift */,
				46CA7FCC215AB5D50048EA4D /* CharacterMenu.swift */,
			);
			path = Character;
			sourceTree = "<group>";
		};
		A3336639215BEE1D0003D879 /* Main Menu */ = {
			isa = PBXGroup;
			children = (
				A3336631215BE3BB0003D879 /* MenuControls.swift */,
				A3336635215BE3F00003D879 /* MenuScene.swift */,
			);
			path = "Main Menu";
			sourceTree = "<group>";
		};
/* End PBXGroup section */

/* Begin PBXNativeTarget section */
		46CA7FAA215AB42D0048EA4D /* Fobitopia */ = {
			isa = PBXNativeTarget;
			buildConfigurationList = 46CA7FC3215AB4310048EA4D /* Build configuration list for PBXNativeTarget "Fobitopia" */;
			buildPhases = (
				46CA7FA7215AB42D0048EA4D /* Sources */,
				46CA7FA8215AB42D0048EA4D /* Frameworks */,
				46CA7FA9215AB42D0048EA4D /* Resources */,
			);
			buildRules = (
			);
			dependencies = (
			);
			name = Fobitopia;
			productName = Fobitopia;
			productReference = 46CA7FAB215AB42D0048EA4D /* Fobitopia.app */;
			productType = "com.apple.product-type.application";
		};
/* End PBXNativeTarget section */

/* Begin PBXProject section */
		46CA7FA3215AB42D0048EA4D /* Project object */ = {
			isa = PBXProject;
			attributes = {
				LastSwiftUpdateCheck = 0940;
				LastUpgradeCheck = 0940;
				ORGANIZATIONNAME = "Diego Aragon";
				TargetAttributes = {
					46CA7FAA215AB42D0048EA4D = {
						CreatedOnToolsVersion = 9.4.1;
					};
				};
			};
			buildConfigurationList = 46CA7FA6215AB42D0048EA4D /* Build configuration list for PBXProject "Fobitopia" */;
			compatibilityVersion = "Xcode 9.3";
			developmentRegion = en;
			hasScannedForEncodings = 0;
			knownRegions = (
				en,
				Base,
			);
			mainGroup = 46CA7FA2215AB42D0048EA4D;
			productRefGroup = 46CA7FAC215AB42D0048EA4D /* Products */;
			projectDirPath = "";
			projectRoot = "";
			targets = (
				46CA7FAA215AB42D0048EA4D /* Fobitopia */,
			);
		};
/* End PBXProject section */

/* Begin PBXResourcesBuildPhase section */
		46CA7FA9215AB42D0048EA4D /* Resources */ = {
			isa = PBXResourcesBuildPhase;
			buildActionMask = 2147483647;
			files = (
				46CA7FBA215AB42D0048EA4D /* Main.storyboard in Resources */,
				46CA7FB1215AB42D0048EA4D /* GameScene.sks in Resources */,
				46CA7FBC215AB4310048EA4D /* Assets.xcassets in Resources */,
				A333663C215BF32F0003D879 /* LaunchScreen.storyboard in Resources */,
				46CA7FB3215AB42D0048EA4D /* Actions.sks in Resources */,
			);
			runOnlyForDeploymentPostprocessing = 0;
		};
/* End PBXResourcesBuildPhase section */

/* Begin PBXSourcesBuildPhase section */
		46CA7FA7215AB42D0048EA4D /* Sources */ = {
			isa = PBXSourcesBuildPhase;
			buildActionMask = 2147483647;
			files = (
				A3336632215BE3BB0003D879 /* MenuControls.swift in Sources */,
				46CA7FCD215AB5D50048EA4D /* CharacterMenu.swift in Sources */,
				46CA7FB5215AB42D0048EA4D /* GameScene.swift in Sources */,
				A3336636215BE3F00003D879 /* MenuScene.swift in Sources */,
				46CA7FCF215AD7580048EA4D /* CharacterControls.swift in Sources */,
				46CA7FB7215AB42D0048EA4D /* GameViewController.swift in Sources */,
				46CA7FAF215AB42D0048EA4D /* AppDelegate.swift in Sources */,
			);
			runOnlyForDeploymentPostprocessing = 0;
		};
/* End PBXSourcesBuildPhase section */

/* Begin PBXVariantGroup section */
		46CA7FB8215AB42D0048EA4D /* Main.storyboard */ = {
			isa = PBXVariantGroup;
			children = (
				46CA7FB9215AB42D0048EA4D /* Base */,
			);
			name = Main.storyboard;
			sourceTree = "<group>";
		};
		A333663A215BF32F0003D879 /* LaunchScreen.storyboard */ = {
			isa = PBXVariantGroup;
			children = (
				A333663B215BF32F0003D879 /* Base */,
			);
			name = LaunchScreen.storyboard;
			sourceTree = "<group>";
		};
/* End PBXVariantGroup section */

/* Begin XCBuildConfiguration section */
		46CA7FC1215AB4310048EA4D /* Debug */ = {
			isa = XCBuildConfiguration;
			buildSettings = {
				ALWAYS_SEARCH_USER_PATHS = NO;
				CLANG_ANALYZER_NONNULL = YES;
				CLANG_ANALYZER_NUMBER_OBJECT_CONVERSION = YES_AGGRESSIVE;
				CLANG_CXX_LANGUAGE_STANDARD = "gnu++14";
				CLANG_CXX_LIBRARY = "libc++";
				CLANG_ENABLE_MODULES = YES;
				CLANG_ENABLE_OBJC_ARC = YES;
				CLANG_ENABLE_OBJC_WEAK = YES;
				CLANG_WARN_BLOCK_CAPTURE_AUTORELEASING = YES;
				CLANG_WARN_BOOL_CONVERSION = YES;
				CLANG_WARN_COMMA = YES;
				CLANG_WARN_CONSTANT_CONVERSION = YES;
				CLANG_WARN_DEPRECATED_OBJC_IMPLEMENTATIONS = YES;
				CLANG_WARN_DIRECT_OBJC_ISA_USAGE = YES_ERROR;
				CLANG_WARN_DOCUMENTATION_COMMENTS = YES;
				CLANG_WARN_EMPTY_BODY = YES;
				CLANG_WARN_ENUM_CONVERSION = YES;
				CLANG_WARN_INFINITE_RECURSION = YES;
				CLANG_WARN_INT_CONVERSION = YES;
				CLANG_WARN_NON_LITERAL_NULL_CONVERSION = YES;
				CLANG_WARN_OBJC_IMPLICIT_RETAIN_SELF = YES;
				CLANG_WARN_OBJC_LITERAL_CONVERSION = YES;
				CLANG_WARN_OBJC_ROOT_CLASS = YES_ERROR;
				CLANG_WARN_RANGE_LOOP_ANALYSIS = YES;
				CLANG_WARN_STRICT_PROTOTYPES = YES;
				CLANG_WARN_SUSPICIOUS_MOVE = YES;
				CLANG_WARN_UNGUARDED_AVAILABILITY = YES_AGGRESSIVE;
				CLANG_WARN_UNREACHABLE_CODE = YES;
				CLANG_WARN__DUPLICATE_METHOD_MATCH = YES;
				CODE_SIGN_IDENTITY = "iPhone Developer";
				COPY_PHASE_STRIP = NO;
				DEBUG_INFORMATION_FORMAT = dwarf;
				ENABLE_STRICT_OBJC_MSGSEND = YES;
				ENABLE_TESTABILITY = YES;
				GCC_C_LANGUAGE_STANDARD = gnu11;
				GCC_DYNAMIC_NO_PIC = NO;
				GCC_NO_COMMON_BLOCKS = YES;
				GCC_OPTIMIZATION_LEVEL = 0;
				GCC_PREPROCESSOR_DEFINITIONS = (
					"DEBUG=1",
					"$(inherited)",
				);
				GCC_WARN_64_TO_32_BIT_CONVERSION = YES;
				GCC_WARN_ABOUT_RETURN_TYPE = YES_ERROR;
				GCC_WARN_UNDECLARED_SELECTOR = YES;
				GCC_WARN_UNINITIALIZED_AUTOS = YES_AGGRESSIVE;
				GCC_WARN_UNUSED_FUNCTION = YES;
				GCC_WARN_UNUSED_VARIABLE = YES;
				IPHONEOS_DEPLOYMENT_TARGET = 11.4;
				MTL_ENABLE_DEBUG_INFO = YES;
				ONLY_ACTIVE_ARCH = YES;
				SDKROOT = iphoneos;
				SWIFT_ACTIVE_COMPILATION_CONDITIONS = DEBUG;
				SWIFT_OPTIMIZATION_LEVEL = "-Onone";
			};
			name = Debug;
		};
		46CA7FC2215AB4310048EA4D /* Release */ = {
			isa = XCBuildConfiguration;
			buildSettings = {
				ALWAYS_SEARCH_USER_PATHS = NO;
				CLANG_ANALYZER_NONNULL = YES;
				CLANG_ANALYZER_NUMBER_OBJECT_CONVERSION = YES_AGGRESSIVE;
				CLANG_CXX_LANGUAGE_STANDARD = "gnu++14";
				CLANG_CXX_LIBRARY = "libc++";
				CLANG_ENABLE_MODULES = YES;
				CLANG_ENABLE_OBJC_ARC = YES;
				CLANG_ENABLE_OBJC_WEAK = YES;
				CLANG_WARN_BLOCK_CAPTURE_AUTORELEASING = YES;
				CLANG_WARN_BOOL_CONVERSION = YES;
				CLANG_WARN_COMMA = YES;
				CLANG_WARN_CONSTANT_CONVERSION = YES;
				CLANG_WARN_DEPRECATED_OBJC_IMPLEMENTATIONS = YES;
				CLANG_WARN_DIRECT_OBJC_ISA_USAGE = YES_ERROR;
				CLANG_WARN_DOCUMENTATION_COMMENTS = YES;
				CLANG_WARN_EMPTY_BODY = YES;
				CLANG_WARN_ENUM_CONVERSION = YES;
				CLANG_WARN_INFINITE_RECURSION = YES;
				CLANG_WARN_INT_CONVERSION = YES;
				CLANG_WARN_NON_LITERAL_NULL_CONVERSION = YES;
				CLANG_WARN_OBJC_IMPLICIT_RETAIN_SELF = YES;
				CLANG_WARN_OBJC_LITERAL_CONVERSION = YES;
				CLANG_WARN_OBJC_ROOT_CLASS = YES_ERROR;
				CLANG_WARN_RANGE_LOOP_ANALYSIS = YES;
				CLANG_WARN_STRICT_PROTOTYPES = YES;
				CLANG_WARN_SUSPICIOUS_MOVE = YES;
				CLANG_WARN_UNGUARDED_AVAILABILITY = YES_AGGRESSIVE;
				CLANG_WARN_UNREACHABLE_CODE = YES;
				CLANG_WARN__DUPLICATE_METHOD_MATCH = YES;
				CODE_SIGN_IDENTITY = "iPhone Developer";
				COPY_PHASE_STRIP = NO;
				DEBUG_INFORMATION_FORMAT = "dwarf-with-dsym";
				ENABLE_NS_ASSERTIONS = NO;
				ENABLE_STRICT_OBJC_MSGSEND = YES;
				GCC_C_LANGUAGE_STANDARD = gnu11;
				GCC_NO_COMMON_BLOCKS = YES;
				GCC_WARN_64_TO_32_BIT_CONVERSION = YES;
				GCC_WARN_ABOUT_RETURN_TYPE = YES_ERROR;
				GCC_WARN_UNDECLARED_SELECTOR = YES;
				GCC_WARN_UNINITIALIZED_AUTOS = YES_AGGRESSIVE;
				GCC_WARN_UNUSED_FUNCTION = YES;
				GCC_WARN_UNUSED_VARIABLE = YES;
				IPHONEOS_DEPLOYMENT_TARGET = 11.4;
				MTL_ENABLE_DEBUG_INFO = NO;
				SDKROOT = iphoneos;
				SWIFT_COMPILATION_MODE = wholemodule;
				SWIFT_OPTIMIZATION_LEVEL = "-O";
				VALIDATE_PRODUCT = YES;
			};
			name = Release;
		};
		46CA7FC4215AB4310048EA4D /* Debug */ = {
			isa = XCBuildConfiguration;
			buildSettings = {
				ASSETCATALOG_COMPILER_APPICON_NAME = AppIcon;
				CODE_SIGN_STYLE = Automatic;
				INFOPLIST_FILE = Fobitopia/Info.plist;
				LD_RUNPATH_SEARCH_PATHS = (
					"$(inherited)",
					"@executable_path/Frameworks",
				);
				PRODUCT_BUNDLE_IDENTIFIER = com.cartwheelgalaxy.Fobitopia;
				PRODUCT_NAME = "$(TARGET_NAME)";
				SWIFT_VERSION = 4.0;
				TARGETED_DEVICE_FAMILY = "1,2";
			};
			name = Debug;
		};
		46CA7FC5215AB4310048EA4D /* Release */ = {
			isa = XCBuildConfiguration;
			buildSettings = {
				ASSETCATALOG_COMPILER_APPICON_NAME = AppIcon;
				CODE_SIGN_STYLE = Automatic;
				INFOPLIST_FILE = Fobitopia/Info.plist;
				LD_RUNPATH_SEARCH_PATHS = (
					"$(inherited)",
					"@executable_path/Frameworks",
				);
				PRODUCT_BUNDLE_IDENTIFIER = com.cartwheelgalaxy.Fobitopia;
				PRODUCT_NAME = "$(TARGET_NAME)";
				SWIFT_VERSION = 4.0;
				TARGETED_DEVICE_FAMILY = "1,2";
			};
			name = Release;
		};
/* End XCBuildConfiguration section */

/* Begin XCConfigurationList section */
		46CA7FA6215AB42D0048EA4D /* Build configuration list for PBXProject "Fobitopia" */ = {
			isa = XCConfigurationList;
			buildConfigurations = (
				46CA7FC1215AB4310048EA4D /* Debug */,
				46CA7FC2215AB4310048EA4D /* Release */,
			);
			defaultConfigurationIsVisible = 0;
			defaultConfigurationName = Release;
		};
		46CA7FC3215AB4310048EA4D /* Build configuration list for PBXNativeTarget "Fobitopia" */ = {
			isa = XCConfigurationList;
			buildConfigurations = (
				46CA7FC4215AB4310048EA4D /* Debug */,
				46CA7FC5215AB4310048EA4D /* Release */,
			);
			defaultConfigurationIsVisible = 0;
			defaultConfigurationName = Release;
		};
/* End XCConfigurationList section */
	};
	rootObject = 46CA7FA3215AB42D0048EA4D /* Project object */;
}
